
Microsoft Visual Studio Solution File, Format Version 12.00
# Visual Studio Version 17
VisualStudioVersion = 17.9.34607.119
MinimumVisualStudioVersion = 10.0.40219.1
Project("{FAE04EC0-301F-11D3-BF4B-00C04F79EFBC}") = "PokemonJGP", "PokemonJGP\PokemonJGP.csproj", "{A663A17D-B0C1-452D-AED4-777F32EDCE2B}"
EndProject
Global
	GlobalSection(SolutionConfigurationPlatforms) = preSolution
		Debug|ARM = Debug|ARM
		Debug|ARM64 = Debug|ARM64
		Debug|x64 = Debug|x64
		Debug|x86 = Debug|x86
		Release|ARM = Release|ARM
		Release|ARM64 = Release|ARM64
		Release|x64 = Release|x64
		Release|x86 = Release|x86
	EndGlobalSection
	GlobalSection(ProjectConfigurationPlatforms) = postSolution
		{A663A17D-B0C1-452D-AED4-777F32EDCE2B}.Debug|ARM.ActiveCfg = Debug|ARM
		{A663A17D-B0C1-452D-AED4-777F32EDCE2B}.Debug|ARM.Build.0 = Debug|ARM
		{A663A17D-B0C1-452D-AED4-777F32EDCE2B}.Debug|ARM.Deploy.0 = Debug|ARM
		{A663A17D-B0C1-452D-AED4-777F32EDCE2B}.Debug|ARM64.ActiveCfg = Debug|ARM64
		{A663A17D-B0C1-452D-AED4-777F32EDCE2B}.Debug|ARM64.Build.0 = Debug|ARM64
		{A663A17D-B0C1-452D-AED4-777F32EDCE2B}.Debug|ARM64.Deploy.0 = Debug|ARM64
		{A663A17D-B0C1-452D-AED4-777F32EDCE2B}.Debug|x64.ActiveCfg = Debug|x64
		{A663A17D-B0C1-452D-AED4-777F32EDCE2B}.Debug|x64.Build.0 = Debug|x64
		{A663A17D-B0C1-452D-AED4-777F32EDCE2B}.Debug|x64.Deploy.0 = Debug|x64
		{A663A17D-B0C1-452D-AED4-777F32EDCE2B}.Debug|x86.ActiveCfg = Debug|x86
		{A663A17D-B0C1-452D-AED4-777F32EDCE2B}.Debug|x86.Build.0 = Debug|x86
		{A663A17D-B0C1-452D-AED4-777F32EDCE2B}.Debug|x86.Deploy.0 = Debug|x86
		{A663A17D-B0C1-452D-AED4-777F32EDCE2B}.Release|ARM.ActiveCfg = Release|ARM
		{A663A17D-B0C1-452D-AED4-777F32EDCE2B}.Release|ARM.Build.0 = Release|ARM
		{A663A17D-B0C1-452D-AED4-777F32EDCE2B}.Release|ARM.Deploy.0 = Release|ARM
		{A663A17D-B0C1-452D-AED4-777F32EDCE2B}.Release|ARM64.ActiveCfg = Release|ARM64
		{A663A17D-B0C1-452D-AED4-777F32EDCE2B}.Release|ARM64.Build.0 = Release|ARM64
		{A663A17D-B0C1-452D-AED4-777F32EDCE2B}.Release|ARM64.Deploy.0 = Release|ARM64
		{A663A17D-B0C1-452D-AED4-777F32EDCE2B}.Release|x64.ActiveCfg = Release|x64
		{A663A17D-B0C1-452D-AED4-777F32EDCE2B}.Release|x64.Build.0 = Release|x64
		{A663A17D-B0C1-452D-AED4-777F32EDCE2B}.Release|x64.Deploy.0 = Release|x64
		{A663A17D-B0C1-452D-AED4-777F32EDCE2B}.Release|x86.ActiveCfg = Release|x86
		{A663A17D-B0C1-452D-AED4-777F32EDCE2B}.Release|x86.Build.0 = Release|x86
		{A663A17D-B0C1-452D-AED4-777F32EDCE2B}.Release|x86.Deploy.0 = Release|x86
	EndGlobalSection
	GlobalSection(SolutionProperties) = preSolution
		HideSolutionNode = FALSE
	EndGlobalSection
	GlobalSection(ExtensibilityGlobals) = postSolution
		SolutionGuid = {CE021B5A-CBA7-4E2C-B387-54B6461C5256}
	EndGlobalSection
EndGlobal
